
Microsoft Visual Studio Solution File, Format Version 12.00
# Visual Studio Version 17
VisualStudioVersion = 17.11.35208.52
MinimumVisualStudioVersion = 10.0.40219.1
Project("{FAE04EC0-301F-11D3-BF4B-00C04F79EFBC}") = "BusinessObjects", "BusinessObjects\BusinessObjects.csproj", "{9E6D440D-4178-4F46-8043-F2CDD4819885}"
EndProject
Project("{FAE04EC0-301F-11D3-BF4B-00C04F79EFBC}") = "DataAccessLayer", "DataAccessLayer\DataAccessLayer.csproj", "{66A2BB36-E53E-472D-A3ED-E2B8C49A3FAD}"
EndProject
Project("{FAE04EC0-301F-11D3-BF4B-00C04F79EFBC}") = "Repositories", "Repositories\Repositories.csproj", "{6847C54A-9448-4053-A954-EAB513592322}"
EndProject
Project("{FAE04EC0-301F-11D3-BF4B-00C04F79EFBC}") = "Services", "Services\Services.csproj", "{1CD20C93-2DEA-49DA-8465-219C861555A0}"
EndProject
Project("{FAE04EC0-301F-11D3-BF4B-00C04F79EFBC}") = "WPFApp", "WPFApp\WPFApp.csproj", "{7CADB574-B892-4F4C-B9AA-33645BEEE7A5}"
EndProject
Global
	GlobalSection(SolutionConfigurationPlatforms) = preSolution
		Debug|Any CPU = Debug|Any CPU
		Release|Any CPU = Release|Any CPU
	EndGlobalSection
	GlobalSection(ProjectConfigurationPlatforms) = postSolution
		{9E6D440D-4178-4F46-8043-F2CDD4819885}.Debug|Any CPU.ActiveCfg = Debug|Any CPU
		{9E6D440D-4178-4F46-8043-F2CDD4819885}.Debug|Any CPU.Build.0 = Debug|Any CPU
		{9E6D440D-4178-4F46-8043-F2CDD4819885}.Release|Any CPU.ActiveCfg = Release|Any CPU
		{9E6D440D-4178-4F46-8043-F2CDD4819885}.Release|Any CPU.Build.0 = Release|Any CPU
		{66A2BB36-E53E-472D-A3ED-E2B8C49A3FAD}.Debug|Any CPU.ActiveCfg = Debug|Any CPU
		{66A2BB36-E53E-472D-A3ED-E2B8C49A3FAD}.Debug|Any CPU.Build.0 = Debug|Any CPU
		{66A2BB36-E53E-472D-A3ED-E2B8C49A3FAD}.Release|Any CPU.ActiveCfg = Release|Any CPU
		{66A2BB36-E53E-472D-A3ED-E2B8C49A3FAD}.Release|Any CPU.Build.0 = Release|Any CPU
		{6847C54A-9448-4053-A954-EAB513592322}.Debug|Any CPU.ActiveCfg = Debug|Any CPU
		{6847C54A-9448-4053-A954-EAB513592322}.Debug|Any CPU.Build.0 = Debug|Any CPU
		{6847C54A-9448-4053-A954-EAB513592322}.Release|Any CPU.ActiveCfg = Release|Any CPU
		{6847C54A-9448-4053-A954-EAB513592322}.Release|Any CPU.Build.0 = Release|Any CPU
		{1CD20C93-2DEA-49DA-8465-219C861555A0}.Debug|Any CPU.ActiveCfg = Debug|Any CPU
		{1CD20C93-2DEA-49DA-8465-219C861555A0}.Debug|Any CPU.Build.0 = Debug|Any CPU
		{1CD20C93-2DEA-49DA-8465-219C861555A0}.Release|Any CPU.ActiveCfg = Release|Any CPU
		{1CD20C93-2DEA-49DA-8465-219C861555A0}.Release|Any CPU.Build.0 = Release|Any CPU
		{7CADB574-B892-4F4C-B9AA-33645BEEE7A5}.Debug|Any CPU.ActiveCfg = Debug|Any CPU
		{7CADB574-B892-4F4C-B9AA-33645BEEE7A5}.Debug|Any CPU.Build.0 = Debug|Any CPU
		{7CADB574-B892-4F4C-B9AA-33645BEEE7A5}.Release|Any CPU.ActiveCfg = Release|Any CPU
		{7CADB574-B892-4F4C-B9AA-33645BEEE7A5}.Release|Any CPU.Build.0 = Release|Any CPU
	EndGlobalSection
	GlobalSection(SolutionProperties) = preSolution
		HideSolutionNode = FALSE
	EndGlobalSection
	GlobalSection(ExtensibilityGlobals) = postSolution
		SolutionGuid = {9654E0EB-0F83-4086-816C-2AA59C04F2D4}
	EndGlobalSection
EndGlobal
